
Microsoft Visual Studio Solution File, Format Version 12.00
# Visual Studio Version 17
VisualStudioVersion = 17.5.33516.290
MinimumVisualStudioVersion = 10.0.40219.1
Project("{FAE04EC0-301F-11D3-BF4B-00C04F79EFBC}") = "BattleBitExamples", "BattleBitExamples.csproj", "{20B73E91-3D83-459D-83EE-5A5EA1ACD317}"
EndProject
Global
	GlobalSection(SolutionConfigurationPlatforms) = preSolution
		Debug|Any CPU = Debug|Any CPU
		Release|Any CPU = Release|Any CPU
	EndGlobalSection
	GlobalSection(ProjectConfigurationPlatforms) = postSolution
		{20B73E91-3D83-459D-83EE-5A5EA1ACD317}.Debug|Any CPU.ActiveCfg = Debug|Any CPU
		{20B73E91-3D83-459D-83EE-5A5EA1ACD317}.Debug|Any CPU.Build.0 = Debug|Any CPU
		{20B73E91-3D83-459D-83EE-5A5EA1ACD317}.Release|Any CPU.ActiveCfg = Release|Any CPU
		{20B73E91-3D83-459D-83EE-5A5EA1ACD317}.Release|Any CPU.Build.0 = Release|Any CPU
	EndGlobalSection
	GlobalSection(SolutionProperties) = preSolution
		HideSolutionNode = FALSE
	EndGlobalSection
	GlobalSection(ExtensibilityGlobals) = postSolution
		SolutionGuid = {C9A635F3-6B1E-448F-A327-FC2C9C85E5A8}
	EndGlobalSection
EndGlobal
